// !$*UTF8*$!
{
	archiveVersion = 1;
	classes = {
	};
	objectVersion = 55;
	objects = {

/* Begin PBXBuildFile section */
		3CF210ED2720CD4600D6C1D6 /* AppDelegate.swift in Sources */ = {isa = PBXBuildFile; fileRef = 3CF210EC2720CD4600D6C1D6 /* AppDelegate.swift */; };
		3CF210EF2720CD4600D6C1D6 /* SceneDelegate.swift in Sources */ = {isa = PBXBuildFile; fileRef = 3CF210EE2720CD4600D6C1D6 /* SceneDelegate.swift */; };
		3CF210F12720CD4600D6C1D6 /* ViewController.swift in Sources */ = {isa = PBXBuildFile; fileRef = 3CF210F02720CD4600D6C1D6 /* ViewController.swift */; };
		3CF210F42720CD4600D6C1D6 /* Main.storyboard in Resources */ = {isa = PBXBuildFile; fileRef = 3CF210F22720CD4600D6C1D6 /* Main.storyboard */; };
		3CF210F62720CD4C00D6C1D6 /* Assets.xcassets in Resources */ = {isa = PBXBuildFile; fileRef = 3CF210F52720CD4C00D6C1D6 /* Assets.xcassets */; };
		3CF210F92720CD4C00D6C1D6 /* LaunchScreen.storyboard in Resources */ = {isa = PBXBuildFile; fileRef = 3CF210F72720CD4C00D6C1D6 /* LaunchScreen.storyboard */; };
		3CF211042720CD4D00D6C1D6 /* EggTimerTests.swift in Sources */ = {isa = PBXBuildFile; fileRef = 3CF211032720CD4D00D6C1D6 /* EggTimerTests.swift */; };
		3CF2110E2720CD4D00D6C1D6 /* EggTimerUITests.swift in Sources */ = {isa = PBXBuildFile; fileRef = 3CF2110D2720CD4D00D6C1D6 /* EggTimerUITests.swift */; };
		3CF211102720CD4D00D6C1D6 /* EggTimerUITestsLaunchTests.swift in Sources */ = {isa = PBXBuildFile; fileRef = 3CF2110F2720CD4D00D6C1D6 /* EggTimerUITestsLaunchTests.swift */; };
		3CF2111F2720DDF600D6C1D6 /* hard.png in Resources */ = {isa = PBXBuildFile; fileRef = 3CF2111C2720DDF600D6C1D6 /* hard.png */; };
		3CF211202720DDF600D6C1D6 /* medium_egg.png in Resources */ = {isa = PBXBuildFile; fileRef = 3CF2111D2720DDF600D6C1D6 /* medium_egg.png */; };
		3CF211212720DDF600D6C1D6 /* soft_egg.png in Resources */ = {isa = PBXBuildFile; fileRef = 3CF2111E2720DDF600D6C1D6 /* soft_egg.png */; };
/* End PBXBuildFile section */

/* Begin PBXContainerItemProxy section */
		3CF211002720CD4D00D6C1D6 /* PBXContainerItemProxy */ = {
			isa = PBXContainerItemProxy;
			containerPortal = 3CF210E12720CD4500D6C1D6 /* Project object */;
			proxyType = 1;
			remoteGlobalIDString = 3CF210E82720CD4500D6C1D6;
			remoteInfo = EggTimer;
		};
		3CF2110A2720CD4D00D6C1D6 /* PBXContainerItemProxy */ = {
			isa = PBXContainerItemProxy;
			containerPortal = 3CF210E12720CD4500D6C1D6 /* Project object */;
			proxyType = 1;
			remoteGlobalIDString = 3CF210E82720CD4500D6C1D6;
			remoteInfo = EggTimer;
		};
/* End PBXContainerItemProxy section */

/* Begin PBXFileReference section */
		3CF210E92720CD4600D6C1D6 /* EggTimer.app */ = {isa = PBXFileReference; explicitFileType = wrapper.application; includeInIndex = 0; path = EggTimer.app; sourceTree = BUILT_PRODUCTS_DIR; };
		3CF210EC2720CD4600D6C1D6 /* AppDelegate.swift */ = {isa = PBXFileReference; lastKnownFileType = sourcecode.swift; path = AppDelegate.swift; sourceTree = "<group>"; };
		3CF210EE2720CD4600D6C1D6 /* SceneDelegate.swift */ = {isa = PBXFileReference; lastKnownFileType = sourcecode.swift; path = SceneDelegate.swift; sourceTree = "<group>"; };
		3CF210F02720CD4600D6C1D6 /* ViewController.swift */ = {isa = PBXFileReference; lastKnownFileType = sourcecode.swift; path = ViewController.swift; sourceTree = "<group>"; };
		3CF210F32720CD4600D6C1D6 /* Base */ = {isa = PBXFileReference; lastKnownFileType = file.storyboard; name = Base; path = Base.lproj/Main.storyboard; sourceTree = "<group>"; };
		3CF210F52720CD4C00D6C1D6 /* Assets.xcassets */ = {isa = PBXFileReference; lastKnownFileType = folder.assetcatalog; path = Assets.xcassets; sourceTree = "<group>"; };
		3CF210F82720CD4C00D6C1D6 /* Base */ = {isa = PBXFileReference; lastKnownFileType = file.storyboard; name = Base; path = Base.lproj/LaunchScreen.storyboard; sourceTree = "<group>"; };
		3CF210FA2720CD4C00D6C1D6 /* Info.plist */ = {isa = PBXFileReference; lastKnownFileType = text.plist.xml; path = Info.plist; sourceTree = "<group>"; };
		3CF210FF2720CD4D00D6C1D6 /* EggTimerTests.xctest */ = {isa = PBXFileReference; explicitFileType = wrapper.cfbundle; includeInIndex = 0; path = EggTimerTests.xctest; sourceTree = BUILT_PRODUCTS_DIR; };
		3CF211032720CD4D00D6C1D6 /* EggTimerTests.swift */ = {isa = PBXFileReference; lastKnownFileType = sourcecode.swift; path = EggTimerTests.swift; sourceTree = "<group>"; };
		3CF211092720CD4D00D6C1D6 /* EggTimerUITests.xctest */ = {isa = PBXFileReference; explicitFileType = wrapper.cfbundle; includeInIndex = 0; path = EggTimerUITests.xctest; sourceTree = BUILT_PRODUCTS_DIR; };
		3CF2110D2720CD4D00D6C1D6 /* EggTimerUITests.swift */ = {isa = PBXFileReference; lastKnownFileType = sourcecode.swift; path = EggTimerUITests.swift; sourceTree = "<group>"; };
		3CF2110F2720CD4D00D6C1D6 /* EggTimerUITestsLaunchTests.swift */ = {isa = PBXFileReference; lastKnownFileType = sourcecode.swift; path = EggTimerUITestsLaunchTests.swift; sourceTree = "<group>"; };
		3CF2111C2720DDF600D6C1D6 /* hard.png */ = {isa = PBXFileReference; lastKnownFileType = image.png; name = hard.png; path = ../../../../../../Downloads/hard.png; sourceTree = "<group>"; };
		3CF2111D2720DDF600D6C1D6 /* medium_egg.png */ = {isa = PBXFileReference; lastKnownFileType = image.png; name = medium_egg.png; path = ../../../../../../Downloads/medium_egg.png; sourceTree = "<group>"; };
		3CF2111E2720DDF600D6C1D6 /* soft_egg.png */ = {isa = PBXFileReference; lastKnownFileType = image.png; name = soft_egg.png; path = ../../../../../../Downloads/soft_egg.png; sourceTree = "<group>"; };
/* End PBXFileReference section */

/* Begin PBXFrameworksBuildPhase section */
		3CF210E62720CD4500D6C1D6 /* Frameworks */ = {
			isa = PBXFrameworksBuildPhase;
			buildActionMask = 2147483647;
			files = (
			);
			runOnlyForDeploymentPostprocessing = 0;
		};
		3CF210FC2720CD4D00D6C1D6 /* Frameworks */ = {
			isa = PBXFrameworksBuildPhase;
			buildActionMask = 2147483647;
			files = (
			);
			runOnlyForDeploymentPostprocessing = 0;
		};
		3CF211062720CD4D00D6C1D6 /* Frameworks */ = {
			isa = PBXFrameworksBuildPhase;
			buildActionMask = 2147483647;
			files = (
			);
			runOnlyForDeploymentPostprocessing = 0;
		};
/* End PBXFrameworksBuildPhase section */

/* Begin PBXGroup section */
		3CF210E02720CD4500D6C1D6 = {
			isa = PBXGroup;
			children = (
				3CF210EB2720CD4600D6C1D6 /* EggTimer */,
				3CF211022720CD4D00D6C1D6 /* EggTimerTests */,
				3CF2110C2720CD4D00D6C1D6 /* EggTimerUITests */,
				3CF210EA2720CD4600D6C1D6 /* Products */,
			);
			sourceTree = "<group>";
		};
		3CF210EA2720CD4600D6C1D6 /* Products */ = {
			isa = PBXGroup;
			children = (
				3CF210E92720CD4600D6C1D6 /* EggTimer.app */,
				3CF210FF2720CD4D00D6C1D6 /* EggTimerTests.xctest */,
				3CF211092720CD4D00D6C1D6 /* EggTimerUITests.xctest */,
			);
			name = Products;
			sourceTree = "<group>";
		};
		3CF210EB2720CD4600D6C1D6 /* EggTimer */ = {
			isa = PBXGroup;
			children = (
				3CF210EC2720CD4600D6C1D6 /* AppDelegate.swift */,
				3CF210EE2720CD4600D6C1D6 /* SceneDelegate.swift */,
				3CF210F02720CD4600D6C1D6 /* ViewController.swift */,
				3CF210F22720CD4600D6C1D6 /* Main.storyboard */,
				3CF210F52720CD4C00D6C1D6 /* Assets.xcassets */,
				3CF2111C2720DDF600D6C1D6 /* hard.png */,
				3CF2111D2720DDF600D6C1D6 /* medium_egg.png */,
				3CF2111E2720DDF600D6C1D6 /* soft_egg.png */,
				3CF210F72720CD4C00D6C1D6 /* LaunchScreen.storyboard */,
				3CF210FA2720CD4C00D6C1D6 /* Info.plist */,
			);
			path = EggTimer;
			sourceTree = "<group>";
		};
		3CF211022720CD4D00D6C1D6 /* EggTimerTests */ = {
			isa = PBXGroup;
			children = (
				3CF211032720CD4D00D6C1D6 /* EggTimerTests.swift */,
			);
			path = EggTimerTests;
			sourceTree = "<group>";
		};
		3CF2110C2720CD4D00D6C1D6 /* EggTimerUITests */ = {
			isa = PBXGroup;
			children = (
				3CF2110D2720CD4D00D6C1D6 /* EggTimerUITests.swift */,
				3CF2110F2720CD4D00D6C1D6 /* EggTimerUITestsLaunchTests.swift */,
			);
			path = EggTimerUITests;
			sourceTree = "<group>";
		};
/* End PBXGroup section */

/* Begin PBXNativeTarget section */
		3CF210E82720CD4500D6C1D6 /* EggTimer */ = {
			isa = PBXNativeTarget;
			buildConfigurationList = 3CF211132720CD4D00D6C1D6 /* Build configuration list for PBXNativeTarget "EggTimer" */;
			buildPhases = (
				3CF210E52720CD4500D6C1D6 /* Sources */,
				3CF210E62720CD4500D6C1D6 /* Frameworks */,
				3CF210E72720CD4500D6C1D6 /* Resources */,
			);
			buildRules = (
			);
			dependencies = (
			);
			name = EggTimer;
			productName = EggTimer;
			productReference = 3CF210E92720CD4600D6C1D6 /* EggTimer.app */;
			productType = "com.apple.product-type.application";
		};
		3CF210FE2720CD4D00D6C1D6 /* EggTimerTests */ = {
			isa = PBXNativeTarget;
			buildConfigurationList = 3CF211162720CD4D00D6C1D6 /* Build configuration list for PBXNativeTarget "EggTimerTests" */;
			buildPhases = (
				3CF210FB2720CD4D00D6C1D6 /* Sources */,
				3CF210FC2720CD4D00D6C1D6 /* Frameworks */,
				3CF210FD2720CD4D00D6C1D6 /* Resources */,
			);
			buildRules = (
			);
			dependencies = (
				3CF211012720CD4D00D6C1D6 /* PBXTargetDependency */,
			);
			name = EggTimerTests;
			productName = EggTimerTests;
			productReference = 3CF210FF2720CD4D00D6C1D6 /* EggTimerTests.xctest */;
			productType = "com.apple.product-type.bundle.unit-test";
		};
		3CF211082720CD4D00D6C1D6 /* EggTimerUITests */ = {
			isa = PBXNativeTarget;
			buildConfigurationList = 3CF211192720CD4D00D6C1D6 /* Build configuration list for PBXNativeTarget "EggTimerUITests" */;
			buildPhases = (
				3CF211052720CD4D00D6C1D6 /* Sources */,
				3CF211062720CD4D00D6C1D6 /* Frameworks */,
				3CF211072720CD4D00D6C1D6 /* Resources */,
			);
			buildRules = (
			);
			dependencies = (
				3CF2110B2720CD4D00D6C1D6 /* PBXTargetDependency */,
			);
			name = EggTimerUITests;
			productName = EggTimerUITests;
			productReference = 3CF211092720CD4D00D6C1D6 /* EggTimerUITests.xctest */;
			productType = "com.apple.product-type.bundle.ui-testing";
		};
/* End PBXNativeTarget section */

/* Begin PBXProject section */
		3CF210E12720CD4500D6C1D6 /* Project object */ = {
			isa = PBXProject;
			attributes = {
				BuildIndependentTargetsInParallel = 1;
				LastSwiftUpdateCheck = 1300;
				LastUpgradeCheck = 1300;
				TargetAttributes = {
					3CF210E82720CD4500D6C1D6 = {
						CreatedOnToolsVersion = 13.0;
					};
					3CF210FE2720CD4D00D6C1D6 = {
						CreatedOnToolsVersion = 13.0;
						TestTargetID = 3CF210E82720CD4500D6C1D6;
					};
					3CF211082720CD4D00D6C1D6 = {
						CreatedOnToolsVersion = 13.0;
						TestTargetID = 3CF210E82720CD4500D6C1D6;
					};
				};
			};
			buildConfigurationList = 3CF210E42720CD4500D6C1D6 /* Build configuration list for PBXProject "EggTimer" */;
			compatibilityVersion = "Xcode 13.0";
			developmentRegion = en;
			hasScannedForEncodings = 0;
			knownRegions = (
				en,
				Base,
			);
			mainGroup = 3CF210E02720CD4500D6C1D6;
			productRefGroup = 3CF210EA2720CD4600D6C1D6 /* Products */;
			projectDirPath = "";
			projectRoot = "";
			targets = (
				3CF210E82720CD4500D6C1D6 /* EggTimer */,
				3CF210FE2720CD4D00D6C1D6 /* EggTimerTests */,
				3CF211082720CD4D00D6C1D6 /* EggTimerUITests */,
			);
		};
/* End PBXProject section */

/* Begin PBXResourcesBuildPhase section */
		3CF210E72720CD4500D6C1D6 /* Resources */ = {
			isa = PBXResourcesBuildPhase;
			buildActionMask = 2147483647;
			files = (
				3CF210F92720CD4C00D6C1D6 /* LaunchScreen.storyboard in Resources */,
				3CF210F62720CD4C00D6C1D6 /* Assets.xcassets in Resources */,
				3CF211202720DDF600D6C1D6 /* medium_egg.png in Resources */,
				3CF2111F2720DDF600D6C1D6 /* hard.png in Resources */,
				3CF210F42720CD4600D6C1D6 /* Main.storyboard in Resources */,
				3CF211212720DDF600D6C1D6 /* soft_egg.png in Resources */,
			);
			runOnlyForDeploymentPostprocessing = 0;
		};
		3CF210FD2720CD4D00D6C1D6 /* Resources */ = {
			isa = PBXResourcesBuildPhase;
			buildActionMask = 2147483647;
			files = (
			);
			runOnlyForDeploymentPostprocessing = 0;
		};
		3CF211072720CD4D00D6C1D6 /* Resources */ = {
			isa = PBXResourcesBuildPhase;
			buildActionMask = 2147483647;
			files = (
			);
			runOnlyForDeploymentPostprocessing = 0;
		};
/* End PBXResourcesBuildPhase section */

/* Begin PBXSourcesBuildPhase section */
		3CF210E52720CD4500D6C1D6 /* Sources */ = {
			isa = PBXSourcesBuildPhase;
			buildActionMask = 2147483647;
			files = (
				3CF210F12720CD4600D6C1D6 /* ViewController.swift in Sources */,
				3CF210ED2720CD4600D6C1D6 /* AppDelegate.swift in Sources */,
				3CF210EF2720CD4600D6C1D6 /* SceneDelegate.swift in Sources */,
			);
			runOnlyForDeploymentPostprocessing = 0;
		};
		3CF210FB2720CD4D00D6C1D6 /* Sources */ = {
			isa = PBXSourcesBuildPhase;
			buildActionMask = 2147483647;
			files = (
				3CF211042720CD4D00D6C1D6 /* EggTimerTests.swift in Sources */,
			);
			runOnlyForDeploymentPostprocessing = 0;
		};
		3CF211052720CD4D00D6C1D6 /* Sources */ = {
			isa = PBXSourcesBuildPhase;
			buildActionMask = 2147483647;
			files = (
				3CF211102720CD4D00D6C1D6 /* EggTimerUITestsLaunchTests.swift in Sources */,
				3CF2110E2720CD4D00D6C1D6 /* EggTimerUITests.swift in Sources */,
			);
			runOnlyForDeploymentPostprocessing = 0;
		};
/* End PBXSourcesBuildPhase section */

/* Begin PBXTargetDependency section */
		3CF211012720CD4D00D6C1D6 /* PBXTargetDependency */ = {
			isa = PBXTargetDependency;
			target = 3CF210E82720CD4500D6C1D6 /* EggTimer */;
			targetProxy = 3CF211002720CD4D00D6C1D6 /* PBXContainerItemProxy */;
		};
		3CF2110B2720CD4D00D6C1D6 /* PBXTargetDependency */ = {
			isa = PBXTargetDependency;
			target = 3CF210E82720CD4500D6C1D6 /* EggTimer */;
			targetProxy = 3CF2110A2720CD4D00D6C1D6 /* PBXContainerItemProxy */;
		};
/* End PBXTargetDependency section */

/* Begin PBXVariantGroup section */
		3CF210F22720CD4600D6C1D6 /* Main.storyboard */ = {
			isa = PBXVariantGroup;
			children = (
				3CF210F32720CD4600D6C1D6 /* Base */,
			);
			name = Main.storyboard;
			sourceTree = "<group>";
		};
		3CF210F72720CD4C00D6C1D6 /* LaunchScreen.storyboard */ = {
			isa = PBXVariantGroup;
			children = (
				3CF210F82720CD4C00D6C1D6 /* Base */,
			);
			name = LaunchScreen.storyboard;
			sourceTree = "<group>";
		};
/* End PBXVariantGroup section */

/* Begin XCBuildConfiguration section */
		3CF211112720CD4D00D6C1D6 /* Debug */ = {
			isa = XCBuildConfiguration;
			buildSettings = {
				ALWAYS_SEARCH_USER_PATHS = NO;
				CLANG_ANALYZER_NONNULL = YES;
				CLANG_ANALYZER_NUMBER_OBJECT_CONVERSION = YES_AGGRESSIVE;
				CLANG_CXX_LANGUAGE_STANDARD = "gnu++17";
				CLANG_CXX_LIBRARY = "libc++";
				CLANG_ENABLE_MODULES = YES;
				CLANG_ENABLE_OBJC_ARC = YES;
				CLANG_ENABLE_OBJC_WEAK = YES;
				CLANG_WARN_BLOCK_CAPTURE_AUTORELEASING = YES;
				CLANG_WARN_BOOL_CONVERSION = YES;
				CLANG_WARN_COMMA = YES;
				CLANG_WARN_CONSTANT_CONVERSION = YES;
				CLANG_WARN_DEPRECATED_OBJC_IMPLEMENTATIONS = YES;
				CLANG_WARN_DIRECT_OBJC_ISA_USAGE = YES_ERROR;
				CLANG_WARN_DOCUMENTATION_COMMENTS = YES;
				CLANG_WARN_EMPTY_BODY = YES;
				CLANG_WARN_ENUM_CONVERSION = YES;
				CLANG_WARN_INFINITE_RECURSION = YES;
				CLANG_WARN_INT_CONVERSION = YES;
				CLANG_WARN_NON_LITERAL_NULL_CONVERSION = YES;
				CLANG_WARN_OBJC_IMPLICIT_RETAIN_SELF = YES;
				CLANG_WARN_OBJC_LITERAL_CONVERSION = YES;
				CLANG_WARN_OBJC_ROOT_CLASS = YES_ERROR;
				CLANG_WARN_QUOTED_INCLUDE_IN_FRAMEWORK_HEADER = YES;
				CLANG_WARN_RANGE_LOOP_ANALYSIS = YES;
				CLANG_WARN_STRICT_PROTOTYPES = YES;
				CLANG_WARN_SUSPICIOUS_MOVE = YES;
				CLANG_WARN_UNGUARDED_AVAILABILITY = YES_AGGRESSIVE;
				CLANG_WARN_UNREACHABLE_CODE = YES;
				CLANG_WARN__DUPLICATE_METHOD_MATCH = YES;
				COPY_PHASE_STRIP = NO;
				DEBUG_INFORMATION_FORMAT = dwarf;
				ENABLE_STRICT_OBJC_MSGSEND = YES;
				ENABLE_TESTABILITY = YES;
				GCC_C_LANGUAGE_STANDARD = gnu11;
				GCC_DYNAMIC_NO_PIC = NO;
				GCC_NO_COMMON_BLOCKS = YES;
				GCC_OPTIMIZATION_LEVEL = 0;
				GCC_PREPROCESSOR_DEFINITIONS = (
					"DEBUG=1",
					"$(inherited)",
				);
				GCC_WARN_64_TO_32_BIT_CONVERSION = YES;
				GCC_WARN_ABOUT_RETURN_TYPE = YES_ERROR;
				GCC_WARN_UNDECLARED_SELECTOR = YES;
				GCC_WARN_UNINITIALIZED_AUTOS = YES_AGGRESSIVE;
				GCC_WARN_UNUSED_FUNCTION = YES;
				GCC_WARN_UNUSED_VARIABLE = YES;
				IPHONEOS_DEPLOYMENT_TARGET = 15.0;
				MTL_ENABLE_DEBUG_INFO = INCLUDE_SOURCE;
				MTL_FAST_MATH = YES;
				ONLY_ACTIVE_ARCH = YES;
				SDKROOT = iphoneos;
				SWIFT_ACTIVE_COMPILATION_CONDITIONS = DEBUG;
				SWIFT_OPTIMIZATION_LEVEL = "-Onone";
			};
			name = Debug;
		};
		3CF211122720CD4D00D6C1D6 /* Release */ = {
			isa = XCBuildConfiguration;
			buildSettings = {
				ALWAYS_SEARCH_USER_PATHS = NO;
				CLANG_ANALYZER_NONNULL = YES;
				CLANG_ANALYZER_NUMBER_OBJECT_CONVERSION = YES_AGGRESSIVE;
				CLANG_CXX_LANGUAGE_STANDARD = "gnu++17";
				CLANG_CXX_LIBRARY = "libc++";
				CLANG_ENABLE_MODULES = YES;
				CLANG_ENABLE_OBJC_ARC = YES;
				CLANG_ENABLE_OBJC_WEAK = YES;
				CLANG_WARN_BLOCK_CAPTURE_AUTORELEASING = YES;
				CLANG_WARN_BOOL_CONVERSION = YES;
				CLANG_WARN_COMMA = YES;
				CLANG_WARN_CONSTANT_CONVERSION = YES;
				CLANG_WARN_DEPRECATED_OBJC_IMPLEMENTATIONS = YES;
				CLANG_WARN_DIRECT_OBJC_ISA_USAGE = YES_ERROR;
				CLANG_WARN_DOCUMENTATION_COMMENTS = YES;
				CLANG_WARN_EMPTY_BODY = YES;
				CLANG_WARN_ENUM_CONVERSION = YES;
				CLANG_WARN_INFINITE_RECURSION = YES;
				CLANG_WARN_INT_CONVERSION = YES;
				CLANG_WARN_NON_LITERAL_NULL_CONVERSION = YES;
				CLANG_WARN_OBJC_IMPLICIT_RETAIN_SELF = YES;
				CLANG_WARN_OBJC_LITERAL_CONVERSION = YES;
				CLANG_WARN_OBJC_ROOT_CLASS = YES_ERROR;
				CLANG_WARN_QUOTED_INCLUDE_IN_FRAMEWORK_HEADER = YES;
				CLANG_WARN_RANGE_LOOP_ANALYSIS = YES;
				CLANG_WARN_STRICT_PROTOTYPES = YES;
				CLANG_WARN_SUSPICIOUS_MOVE = YES;
				CLANG_WARN_UNGUARDED_AVAILABILITY = YES_AGGRESSIVE;
				CLANG_WARN_UNREACHABLE_CODE = YES;
				CLANG_WARN__DUPLICATE_METHOD_MATCH = YES;
				COPY_PHASE_STRIP = NO;
				DEBUG_INFORMATION_FORMAT = "dwarf-with-dsym";
				ENABLE_NS_ASSERTIONS = NO;
				ENABLE_STRICT_OBJC_MSGSEND = YES;
				GCC_C_LANGUAGE_STANDARD = gnu11;
				GCC_NO_COMMON_BLOCKS = YES;
				GCC_WARN_64_TO_32_BIT_CONVERSION = YES;
				GCC_WARN_ABOUT_RETURN_TYPE = YES_ERROR;
				GCC_WARN_UNDECLARED_SELECTOR = YES;
				GCC_WARN_UNINITIALIZED_AUTOS = YES_AGGRESSIVE;
				GCC_WARN_UNUSED_FUNCTION = YES;
				GCC_WARN_UNUSED_VARIABLE = YES;
				IPHONEOS_DEPLOYMENT_TARGET = 15.0;
				MTL_ENABLE_DEBUG_INFO = NO;
				MTL_FAST_MATH = YES;
				SDKROOT = iphoneos;
				SWIFT_COMPILATION_MODE = wholemodule;
				SWIFT_OPTIMIZATION_LEVEL = "-O";
				VALIDATE_PRODUCT = YES;
			};
			name = Release;
		};
		3CF211142720CD4D00D6C1D6 /* Debug */ = {
			isa = XCBuildConfiguration;
			buildSettings = {
				ASSETCATALOG_COMPILER_APPICON_NAME = AppIcon;
				ASSETCATALOG_COMPILER_GLOBAL_ACCENT_COLOR_NAME = AccentColor;
				CODE_SIGN_STYLE = Automatic;
				CURRENT_PROJECT_VERSION = 1;
				DEVELOPMENT_TEAM = QY6588RGZ6;
				GENERATE_INFOPLIST_FILE = YES;
				INFOPLIST_FILE = EggTimer/Info.plist;
				INFOPLIST_KEY_UIApplicationSupportsIndirectInputEvents = YES;
				INFOPLIST_KEY_UILaunchStoryboardName = LaunchScreen;
				INFOPLIST_KEY_UIMainStoryboardFile = Main;
				INFOPLIST_KEY_UISupportedInterfaceOrientations_iPad = "UIInterfaceOrientationPortrait UIInterfaceOrientationPortraitUpsideDown UIInterfaceOrientationLandscapeLeft UIInterfaceOrientationLandscapeRight";
				INFOPLIST_KEY_UISupportedInterfaceOrientations_iPhone = "UIInterfaceOrientationPortrait UIInterfaceOrientationLandscapeLeft UIInterfaceOrientationLandscapeRight";
				LD_RUNPATH_SEARCH_PATHS = (
					"$(inherited)",
					"@executable_path/Frameworks",
				);
				MARKETING_VERSION = 1.0;
				PRODUCT_BUNDLE_IDENTIFIER = comyy04022.EggTimer;
				PRODUCT_NAME = "$(TARGET_NAME)";
				SWIFT_EMIT_LOC_STRINGS = YES;
				SWIFT_VERSION = 5.0;
				TARGETED_DEVICE_FAMILY = "1,2";
			};
			name = Debug;
		};
		3CF211152720CD4D00D6C1D6 /* Release */ = {
			isa = XCBuildConfiguration;
			buildSettings = {
				ASSETCATALOG_COMPILER_APPICON_NAME = AppIcon;
				ASSETCATALOG_COMPILER_GLOBAL_ACCENT_COLOR_NAME = AccentColor;
				CODE_SIGN_STYLE = Automatic;
				CURRENT_PROJECT_VERSION = 1;
				DEVELOPMENT_TEAM = QY6588RGZ6;
				GENERATE_INFOPLIST_FILE = YES;
				INFOPLIST_FILE = EggTimer/Info.plist;
				INFOPLIST_KEY_UIApplicationSupportsIndirectInputEvents = YES;
				INFOPLIST_KEY_UILaunchStoryboardName = LaunchScreen;
				INFOPLIST_KEY_UIMainStoryboardFile = Main;
				INFOPLIST_KEY_UISupportedInterfaceOrientations_iPad = "UIInterfaceOrientationPortrait UIInterfaceOrientationPortraitUpsideDown UIInterfaceOrientationLandscapeLeft UIInterfaceOrientationLandscapeRight";
				INFOPLIST_KEY_UISupportedInterfaceOrientations_iPhone = "UIInterfaceOrientationPortrait UIInterfaceOrientationLandscapeLeft UIInterfaceOrientationLandscapeRight";
				LD_RUNPATH_SEARCH_PATHS = (
					"$(inherited)",
					"@executable_path/Frameworks",
				);
				MARKETING_VERSION = 1.0;
				PRODUCT_BUNDLE_IDENTIFIER = comyy04022.EggTimer;
				PRODUCT_NAME = "$(TARGET_NAME)";
				SWIFT_EMIT_LOC_STRINGS = YES;
				SWIFT_VERSION = 5.0;
				TARGETED_DEVICE_FAMILY = "1,2";
			};
			name = Release;
		};
		3CF211172720CD4D00D6C1D6 /* Debug */ = {
			isa = XCBuildConfiguration;
			buildSettings = {
				ALWAYS_EMBED_SWIFT_STANDARD_LIBRARIES = YES;
				BUNDLE_LOADER = "$(TEST_HOST)";
				CODE_SIGN_STYLE = Automatic;
				CURRENT_PROJECT_VERSION = 1;
				DEVELOPMENT_TEAM = QY6588RGZ6;
				GENERATE_INFOPLIST_FILE = YES;
				IPHONEOS_DEPLOYMENT_TARGET = 15.0;
				LD_RUNPATH_SEARCH_PATHS = (
					"$(inherited)",
					"@executable_path/Frameworks",
					"@loader_path/Frameworks",
				);
				MARKETING_VERSION = 1.0;
				PRODUCT_BUNDLE_IDENTIFIER = comyy04022.EggTimerTests;
				PRODUCT_NAME = "$(TARGET_NAME)";
				SWIFT_EMIT_LOC_STRINGS = NO;
				SWIFT_VERSION = 5.0;
				TARGETED_DEVICE_FAMILY = "1,2";
				TEST_HOST = "$(BUILT_PRODUCTS_DIR)/EggTimer.app/EggTimer";
			};
			name = Debug;
		};
		3CF211182720CD4D00D6C1D6 /* Release */ = {
			isa = XCBuildConfiguration;
			buildSettings = {
				ALWAYS_EMBED_SWIFT_STANDARD_LIBRARIES = YES;
				BUNDLE_LOADER = "$(TEST_HOST)";
				CODE_SIGN_STYLE = Automatic;
				CURRENT_PROJECT_VERSION = 1;
				DEVELOPMENT_TEAM = QY6588RGZ6;
				GENERATE_INFOPLIST_FILE = YES;
				IPHONEOS_DEPLOYMENT_TARGET = 15.0;
				LD_RUNPATH_SEARCH_PATHS = (
					"$(inherited)",
					"@executable_path/Frameworks",
					"@loader_path/Frameworks",
				);
				MARKETING_VERSION = 1.0;
				PRODUCT_BUNDLE_IDENTIFIER = comyy04022.EggTimerTests;
				PRODUCT_NAME = "$(TARGET_NAME)";
				SWIFT_EMIT_LOC_STRINGS = NO;
				SWIFT_VERSION = 5.0;
				TARGETED_DEVICE_FAMILY = "1,2";
				TEST_HOST = "$(BUILT_PRODUCTS_DIR)/EggTimer.app/EggTimer";
			};
			name = Release;
		};
		3CF2111A2720CD4D00D6C1D6 /* Debug */ = {
			isa = XCBuildConfiguration;
			buildSettings = {
				ALWAYS_EMBED_SWIFT_STANDARD_LIBRARIES = YES;
				CODE_SIGN_STYLE = Automatic;
				CURRENT_PROJECT_VERSION = 1;
				DEVELOPMENT_TEAM = QY6588RGZ6;
				GENERATE_INFOPLIST_FILE = YES;
				LD_RUNPATH_SEARCH_PATHS = (
					"$(inherited)",
					"@executable_path/Frameworks",
					"@loader_path/Frameworks",
				);
				MARKETING_VERSION = 1.0;
				PRODUCT_BUNDLE_IDENTIFIER = comyy04022.EggTimerUITests;
				PRODUCT_NAME = "$(TARGET_NAME)";
				SWIFT_EMIT_LOC_STRINGS = NO;
				SWIFT_VERSION = 5.0;
				TARGETED_DEVICE_FAMILY = "1,2";
				TEST_TARGET_NAME = EggTimer;
			};
			name = Debug;
		};
		3CF2111B2720CD4D00D6C1D6 /* Release */ = {
			isa = XCBuildConfiguration;
			buildSettings = {
				ALWAYS_EMBED_SWIFT_STANDARD_LIBRARIES = YES;
				CODE_SIGN_STYLE = Automatic;
				CURRENT_PROJECT_VERSION = 1;
				DEVELOPMENT_TEAM = QY6588RGZ6;
				GENERATE_INFOPLIST_FILE = YES;
				LD_RUNPATH_SEARCH_PATHS = (
					"$(inherited)",
					"@executable_path/Frameworks",
					"@loader_path/Frameworks",
				);
				MARKETING_VERSION = 1.0;
				PRODUCT_BUNDLE_IDENTIFIER = comyy04022.EggTimerUITests;
				PRODUCT_NAME = "$(TARGET_NAME)";
				SWIFT_EMIT_LOC_STRINGS = NO;
				SWIFT_VERSION = 5.0;
				TARGETED_DEVICE_FAMILY = "1,2";
				TEST_TARGET_NAME = EggTimer;
			};
			name = Release;
		};
/* End XCBuildConfiguration section */

/* Begin XCConfigurationList section */
		3CF210E42720CD4500D6C1D6 /* Build configuration list for PBXProject "EggTimer" */ = {
			isa = XCConfigurationList;
			buildConfigurations = (
				3CF211112720CD4D00D6C1D6 /* Debug */,
				3CF211122720CD4D00D6C1D6 /* Release */,
			);
			defaultConfigurationIsVisible = 0;
			defaultConfigurationName = Release;
		};
		3CF211132720CD4D00D6C1D6 /* Build configuration list for PBXNativeTarget "EggTimer" */ = {
			isa = XCConfigurationList;
			buildConfigurations = (
				3CF211142720CD4D00D6C1D6 /* Debug */,
				3CF211152720CD4D00D6C1D6 /* Release */,
			);
			defaultConfigurationIsVisible = 0;
			defaultConfigurationName = Release;
		};
		3CF211162720CD4D00D6C1D6 /* Build configuration list for PBXNativeTarget "EggTimerTests" */ = {
			isa = XCConfigurationList;
			buildConfigurations = (
				3CF211172720CD4D00D6C1D6 /* Debug */,
				3CF211182720CD4D00D6C1D6 /* Release */,
			);
			defaultConfigurationIsVisible = 0;
			defaultConfigurationName = Release;
		};
		3CF211192720CD4D00D6C1D6 /* Build configuration list for PBXNativeTarget "EggTimerUITests" */ = {
			isa = XCConfigurationList;
			buildConfigurations = (
				3CF2111A2720CD4D00D6C1D6 /* Debug */,
				3CF2111B2720CD4D00D6C1D6 /* Release */,
			);
			defaultConfigurationIsVisible = 0;
			defaultConfigurationName = Release;
		};
/* End XCConfigurationList section */
	};
	rootObject = 3CF210E12720CD4500D6C1D6 /* Project object */;
}
